# This file was autogenerated by Stack.
# You should not edit this file by hand.
# For more information, please see the documentation at:
#   https://docs.haskellstack.org/en/stable/lock_files

packages:
- completed:
    hackage: pandoc-types-1.22@sha256:15512ce011555ee720820f11cac0598317293406da5812337cbb1550d144e3bd,4071
    pantry-tree:
      size: 737
      sha256: 28e43150f4bb0d4d880cf92ade20fefcd8705ee95cfe4a1d0bb5efd320982a9d
  original:
    hackage: pandoc-types-1.22
snapshots:
- completed:
    size: 533252
    url: https://raw.githubusercontent.com/commercialhaskell/stackage-snapshots/master/lts/16/27.yaml
    sha256: c2aaae52beeacf6a5727c1010f50e89d03869abfab6d2c2658ade9da8ed50c73
  original: lts-16.27
